// !$*UTF8*$!
{
	archiveVersion = 1;
	classes = {
	};
	objectVersion = 50;
	objects = {

/* Begin PBXBuildFile section */
		0FDFEC7823907D6100D1C4B6 /* articles.swift in Sources */ = {isa = PBXBuildFile; fileRef = 0FDFEC7723907D6100D1C4B6 /* articles.swift */; };
		0FDFEC7A23907DB400D1C4B6 /* articleBank.swift in Sources */ = {isa = PBXBuildFile; fileRef = 0FDFEC7923907DB400D1C4B6 /* articleBank.swift */; };
		0FEFA07923850F64002AF3D9 /* TrueGaze.framework in Frameworks */ = {isa = PBXBuildFile; fileRef = 0FEFA07723850F52002AF3D9 /* TrueGaze.framework */; };
		0FEFA07A23850F64002AF3D9 /* TrueGaze.framework in Embed Frameworks */ = {isa = PBXBuildFile; fileRef = 0FEFA07723850F52002AF3D9 /* TrueGaze.framework */; settings = {ATTRIBUTES = (CodeSignOnCopy, RemoveHeadersOnCopy, ); }; };
		D3D2D08B22B7BDD300B78A1D /* AppDelegate.swift in Sources */ = {isa = PBXBuildFile; fileRef = D3D2D08A22B7BDD300B78A1D /* AppDelegate.swift */; };
		D3D2D08D22B7BDD300B78A1D /* ViewController.swift in Sources */ = {isa = PBXBuildFile; fileRef = D3D2D08C22B7BDD300B78A1D /* ViewController.swift */; };
		D3D2D09022B7BDD300B78A1D /* Main.storyboard in Resources */ = {isa = PBXBuildFile; fileRef = D3D2D08E22B7BDD300B78A1D /* Main.storyboard */; };
		D3D2D09222B7BDD400B78A1D /* Assets.xcassets in Resources */ = {isa = PBXBuildFile; fileRef = D3D2D09122B7BDD400B78A1D /* Assets.xcassets */; };
		D3D2D09522B7BDD400B78A1D /* LaunchScreen.storyboard in Resources */ = {isa = PBXBuildFile; fileRef = D3D2D09322B7BDD400B78A1D /* LaunchScreen.storyboard */; };
/* End PBXBuildFile section */

/* Begin PBXCopyFilesBuildPhase section */
		D3D2D09F22B7BDE300B78A1D /* Embed Frameworks */ = {
			isa = PBXCopyFilesBuildPhase;
			buildActionMask = 2147483647;
			dstPath = "";
			dstSubfolderSpec = 10;
			files = (
				0FEFA07A23850F64002AF3D9 /* TrueGaze.framework in Embed Frameworks */,
			);
			name = "Embed Frameworks";
			runOnlyForDeploymentPostprocessing = 0;
		};
/* End PBXCopyFilesBuildPhase section */

/* Begin PBXFileReference section */
		0FDFEC7723907D6100D1C4B6 /* articles.swift */ = {isa = PBXFileReference; lastKnownFileType = sourcecode.swift; path = articles.swift; sourceTree = "<group>"; };
		0FDFEC7923907DB400D1C4B6 /* articleBank.swift */ = {isa = PBXFileReference; lastKnownFileType = sourcecode.swift; path = articleBank.swift; sourceTree = "<group>"; };
		0FEFA07723850F52002AF3D9 /* TrueGaze.framework */ = {isa = PBXFileReference; lastKnownFileType = wrapper.framework; path = TrueGaze.framework; sourceTree = "<group>"; };
		D3D2D08722B7BDD300B78A1D /* Vision Project V2 Prototype.app */ = {isa = PBXFileReference; explicitFileType = wrapper.application; includeInIndex = 0; path = "Vision Project V2 Prototype.app"; sourceTree = BUILT_PRODUCTS_DIR; };
		D3D2D08A22B7BDD300B78A1D /* AppDelegate.swift */ = {isa = PBXFileReference; lastKnownFileType = sourcecode.swift; path = AppDelegate.swift; sourceTree = "<group>"; };
		D3D2D08C22B7BDD300B78A1D /* ViewController.swift */ = {isa = PBXFileReference; lastKnownFileType = sourcecode.swift; path = ViewController.swift; sourceTree = "<group>"; };
		D3D2D08F22B7BDD300B78A1D /* Base */ = {isa = PBXFileReference; lastKnownFileType = file.storyboard; name = Base; path = Base.lproj/Main.storyboard; sourceTree = "<group>"; };
		D3D2D09122B7BDD400B78A1D /* Assets.xcassets */ = {isa = PBXFileReference; lastKnownFileType = folder.assetcatalog; path = Assets.xcassets; sourceTree = "<group>"; };
		D3D2D09422B7BDD400B78A1D /* Base */ = {isa = PBXFileReference; lastKnownFileType = file.storyboard; name = Base; path = Base.lproj/LaunchScreen.storyboard; sourceTree = "<group>"; };
		D3D2D09622B7BDD400B78A1D /* Info.plist */ = {isa = PBXFileReference; lastKnownFileType = text.plist.xml; path = Info.plist; sourceTree = "<group>"; };
/* End PBXFileReference section */

/* Begin PBXFrameworksBuildPhase section */
		D3D2D08422B7BDD300B78A1D /* Frameworks */ = {
			isa = PBXFrameworksBuildPhase;
			buildActionMask = 2147483647;
			files = (
				0FEFA07923850F64002AF3D9 /* TrueGaze.framework in Frameworks */,
			);
			runOnlyForDeploymentPostprocessing = 0;
		};
/* End PBXFrameworksBuildPhase section */

/* Begin PBXGroup section */
		0FDFEC7523907D0500D1C4B6 /* Controler */ = {
			isa = PBXGroup;
			children = (
				D3D2D08A22B7BDD300B78A1D /* AppDelegate.swift */,
				D3D2D08C22B7BDD300B78A1D /* ViewController.swift */,
			);
			path = Controler;
			sourceTree = "<group>";
		};
		0FDFEC7623907D2800D1C4B6 /* Model */ = {
			isa = PBXGroup;
			children = (
				0FDFEC7723907D6100D1C4B6 /* articles.swift */,
				0FDFEC7923907DB400D1C4B6 /* articleBank.swift */,
			);
			path = Model;
			sourceTree = "<group>";
		};
		D3D2D07E22B7BDD300B78A1D = {
			isa = PBXGroup;
			children = (
				0FEFA07723850F52002AF3D9 /* TrueGaze.framework */,
				D3D2D08922B7BDD300B78A1D /* Vision Project V2 */,
				D3D2D08822B7BDD300B78A1D /* Products */,
			);
			sourceTree = "<group>";
		};
		D3D2D08822B7BDD300B78A1D /* Products */ = {
			isa = PBXGroup;
			children = (
				D3D2D08722B7BDD300B78A1D /* Vision Project V2 Prototype.app */,
			);
			name = Products;
			sourceTree = "<group>";
		};
		D3D2D08922B7BDD300B78A1D /* Vision Project V2 */ = {
			isa = PBXGroup;
			children = (
				0FDFEC7523907D0500D1C4B6 /* Controler */,
				0FDFEC7623907D2800D1C4B6 /* Model */,
				D3D2D08E22B7BDD300B78A1D /* Main.storyboard */,
				D3D2D09122B7BDD400B78A1D /* Assets.xcassets */,
				D3D2D09322B7BDD400B78A1D /* LaunchScreen.storyboard */,
				D3D2D09622B7BDD400B78A1D /* Info.plist */,
			);
			path = "Vision Project V2";
			sourceTree = "<group>";
		};
/* End PBXGroup section */

/* Begin PBXNativeTarget section */
		D3D2D08622B7BDD300B78A1D /* Vision Project V2 Prototype */ = {
			isa = PBXNativeTarget;
			buildConfigurationList = D3D2D09922B7BDD400B78A1D /* Build configuration list for PBXNativeTarget "Vision Project V2 Prototype" */;
			buildPhases = (
				D3D2D08322B7BDD300B78A1D /* Sources */,
				D3D2D08422B7BDD300B78A1D /* Frameworks */,
				D3D2D08522B7BDD300B78A1D /* Resources */,
				D3D2D09F22B7BDE300B78A1D /* Embed Frameworks */,
			);
			buildRules = (
			);
			dependencies = (
			);
			name = "Vision Project V2 Prototype";
			productName = TG_Mobile_iOS_Demo1;
			productReference = D3D2D08722B7BDD300B78A1D /* Vision Project V2 Prototype.app */;
			productType = "com.apple.product-type.application";
		};
/* End PBXNativeTarget section */

/* Begin PBXProject section */
		D3D2D07F22B7BDD300B78A1D /* Project object */ = {
			isa = PBXProject;
			attributes = {
				LastSwiftUpdateCheck = 1020;
				LastUpgradeCheck = 1020;
				ORGANIZATIONNAME = VisaulCamp;
				TargetAttributes = {
					D3D2D08622B7BDD300B78A1D = {
						CreatedOnToolsVersion = 10.2.1;
					};
				};
			};
			buildConfigurationList = D3D2D08222B7BDD300B78A1D /* Build configuration list for PBXProject "Vision Project V2 Prototype" */;
			compatibilityVersion = "Xcode 9.3";
			developmentRegion = en;
			hasScannedForEncodings = 0;
			knownRegions = (
				en,
				Base,
			);
			mainGroup = D3D2D07E22B7BDD300B78A1D;
			productRefGroup = D3D2D08822B7BDD300B78A1D /* Products */;
			projectDirPath = "";
			projectRoot = "";
			targets = (
				D3D2D08622B7BDD300B78A1D /* Vision Project V2 Prototype */,
			);
		};
/* End PBXProject section */

/* Begin PBXResourcesBuildPhase section */
		D3D2D08522B7BDD300B78A1D /* Resources */ = {
			isa = PBXResourcesBuildPhase;
			buildActionMask = 2147483647;
			files = (
				D3D2D09522B7BDD400B78A1D /* LaunchScreen.storyboard in Resources */,
				D3D2D09222B7BDD400B78A1D /* Assets.xcassets in Resources */,
				D3D2D09022B7BDD300B78A1D /* Main.storyboard in Resources */,
			);
			runOnlyForDeploymentPostprocessing = 0;
		};
/* End PBXResourcesBuildPhase section */

/* Begin PBXSourcesBuildPhase section */
		D3D2D08322B7BDD300B78A1D /* Sources */ = {
			isa = PBXSourcesBuildPhase;
			buildActionMask = 2147483647;
			files = (
				0FDFEC7A23907DB400D1C4B6 /* articleBank.swift in Sources */,
				0FDFEC7823907D6100D1C4B6 /* articles.swift in Sources */,
				D3D2D08D22B7BDD300B78A1D /* ViewController.swift in Sources */,
				D3D2D08B22B7BDD300B78A1D /* AppDelegate.swift in Sources */,
			);
			runOnlyForDeploymentPostprocessing = 0;
		};
/* End PBXSourcesBuildPhase section */

/* Begin PBXVariantGroup section */
		D3D2D08E22B7BDD300B78A1D /* Main.storyboard */ = {
			isa = PBXVariantGroup;
			children = (
				D3D2D08F22B7BDD300B78A1D /* Base */,
			);
			name = Main.storyboard;
			sourceTree = "<group>";
		};
		D3D2D09322B7BDD400B78A1D /* LaunchScreen.storyboard */ = {
			isa = PBXVariantGroup;
			children = (
				D3D2D09422B7BDD400B78A1D /* Base */,
			);
			name = LaunchScreen.storyboard;
			sourceTree = "<group>";
		};
/* End PBXVariantGroup section */

/* Begin XCBuildConfiguration section */
		D3D2D09722B7BDD400B78A1D /* Debug */ = {
			isa = XCBuildConfiguration;
			buildSettings = {
				ALWAYS_SEARCH_USER_PATHS = NO;
				CLANG_ANALYZER_NONNULL = YES;
				CLANG_ANALYZER_NUMBER_OBJECT_CONVERSION = YES_AGGRESSIVE;
				CLANG_CXX_LANGUAGE_STANDARD = "gnu++14";
				CLANG_CXX_LIBRARY = "libc++";
				CLANG_ENABLE_MODULES = YES;
				CLANG_ENABLE_OBJC_ARC = YES;
				CLANG_ENABLE_OBJC_WEAK = YES;
				CLANG_WARN_BLOCK_CAPTURE_AUTORELEASING = YES;
				CLANG_WARN_BOOL_CONVERSION = YES;
				CLANG_WARN_COMMA = YES;
				CLANG_WARN_CONSTANT_CONVERSION = YES;
				CLANG_WARN_DEPRECATED_OBJC_IMPLEMENTATIONS = YES;
				CLANG_WARN_DIRECT_OBJC_ISA_USAGE = YES_ERROR;
				CLANG_WARN_DOCUMENTATION_COMMENTS = YES;
				CLANG_WARN_EMPTY_BODY = YES;
				CLANG_WARN_ENUM_CONVERSION = YES;
				CLANG_WARN_INFINITE_RECURSION = YES;
				CLANG_WARN_INT_CONVERSION = YES;
				CLANG_WARN_NON_LITERAL_NULL_CONVERSION = YES;
				CLANG_WARN_OBJC_IMPLICIT_RETAIN_SELF = YES;
				CLANG_WARN_OBJC_LITERAL_CONVERSION = YES;
				CLANG_WARN_OBJC_ROOT_CLASS = YES_ERROR;
				CLANG_WARN_RANGE_LOOP_ANALYSIS = YES;
				CLANG_WARN_STRICT_PROTOTYPES = YES;
				CLANG_WARN_SUSPICIOUS_MOVE = YES;
				CLANG_WARN_UNGUARDED_AVAILABILITY = YES_AGGRESSIVE;
				CLANG_WARN_UNREACHABLE_CODE = YES;
				CLANG_WARN__DUPLICATE_METHOD_MATCH = YES;
				CODE_SIGN_IDENTITY = "iPhone Developer";
				COPY_PHASE_STRIP = NO;
				DEBUG_INFORMATION_FORMAT = dwarf;
				ENABLE_STRICT_OBJC_MSGSEND = YES;
				ENABLE_TESTABILITY = YES;
				GCC_C_LANGUAGE_STANDARD = gnu11;
				GCC_DYNAMIC_NO_PIC = NO;
				GCC_NO_COMMON_BLOCKS = YES;
				GCC_OPTIMIZATION_LEVEL = 0;
				GCC_PREPROCESSOR_DEFINITIONS = (
					"DEBUG=1",
					"$(inherited)",
				);
				GCC_WARN_64_TO_32_BIT_CONVERSION = YES;
				GCC_WARN_ABOUT_RETURN_TYPE = YES_ERROR;
				GCC_WARN_UNDECLARED_SELECTOR = YES;
				GCC_WARN_UNINITIALIZED_AUTOS = YES_AGGRESSIVE;
				GCC_WARN_UNUSED_FUNCTION = YES;
				GCC_WARN_UNUSED_VARIABLE = YES;
				IPHONEOS_DEPLOYMENT_TARGET = 12.2;
				MTL_ENABLE_DEBUG_INFO = INCLUDE_SOURCE;
				MTL_FAST_MATH = YES;
				ONLY_ACTIVE_ARCH = YES;
				SDKROOT = iphoneos;
				SWIFT_ACTIVE_COMPILATION_CONDITIONS = DEBUG;
				SWIFT_OPTIMIZATION_LEVEL = "-Onone";
			};
			name = Debug;
		};
		D3D2D09822B7BDD400B78A1D /* Release */ = {
			isa = XCBuildConfiguration;
			buildSettings = {
				ALWAYS_SEARCH_USER_PATHS = NO;
				CLANG_ANALYZER_NONNULL = YES;
				CLANG_ANALYZER_NUMBER_OBJECT_CONVERSION = YES_AGGRESSIVE;
				CLANG_CXX_LANGUAGE_STANDARD = "gnu++14";
				CLANG_CXX_LIBRARY = "libc++";
				CLANG_ENABLE_MODULES = YES;
				CLANG_ENABLE_OBJC_ARC = YES;
				CLANG_ENABLE_OBJC_WEAK = YES;
				CLANG_WARN_BLOCK_CAPTURE_AUTORELEASING = YES;
				CLANG_WARN_BOOL_CONVERSION = YES;
				CLANG_WARN_COMMA = YES;
				CLANG_WARN_CONSTANT_CONVERSION = YES;
				CLANG_WARN_DEPRECATED_OBJC_IMPLEMENTATIONS = YES;
				CLANG_WARN_DIRECT_OBJC_ISA_USAGE = YES_ERROR;
				CLANG_WARN_DOCUMENTATION_COMMENTS = YES;
				CLANG_WARN_EMPTY_BODY = YES;
				CLANG_WARN_ENUM_CONVERSION = YES;
				CLANG_WARN_INFINITE_RECURSION = YES;
				CLANG_WARN_INT_CONVERSION = YES;
				CLANG_WARN_NON_LITERAL_NULL_CONVERSION = YES;
				CLANG_WARN_OBJC_IMPLICIT_RETAIN_SELF = YES;
				CLANG_WARN_OBJC_LITERAL_CONVERSION = YES;
				CLANG_WARN_OBJC_ROOT_CLASS = YES_ERROR;
				CLANG_WARN_RANGE_LOOP_ANALYSIS = YES;
				CLANG_WARN_STRICT_PROTOTYPES = YES;
				CLANG_WARN_SUSPICIOUS_MOVE = YES;
				CLANG_WARN_UNGUARDED_AVAILABILITY = YES_AGGRESSIVE;
				CLANG_WARN_UNREACHABLE_CODE = YES;
				CLANG_WARN__DUPLICATE_METHOD_MATCH = YES;
				CODE_SIGN_IDENTITY = "iPhone Developer";
				COPY_PHASE_STRIP = NO;
				DEBUG_INFORMATION_FORMAT = "dwarf-with-dsym";
				ENABLE_NS_ASSERTIONS = NO;
				ENABLE_STRICT_OBJC_MSGSEND = YES;
				GCC_C_LANGUAGE_STANDARD = gnu11;
				GCC_NO_COMMON_BLOCKS = YES;
				GCC_WARN_64_TO_32_BIT_CONVERSION = YES;
				GCC_WARN_ABOUT_RETURN_TYPE = YES_ERROR;
				GCC_WARN_UNDECLARED_SELECTOR = YES;
				GCC_WARN_UNINITIALIZED_AUTOS = YES_AGGRESSIVE;
				GCC_WARN_UNUSED_FUNCTION = YES;
				GCC_WARN_UNUSED_VARIABLE = YES;
				IPHONEOS_DEPLOYMENT_TARGET = 12.2;
				MTL_ENABLE_DEBUG_INFO = NO;
				MTL_FAST_MATH = YES;
				SDKROOT = iphoneos;
				SWIFT_COMPILATION_MODE = wholemodule;
				SWIFT_OPTIMIZATION_LEVEL = "-O";
				VALIDATE_PRODUCT = YES;
			};
			name = Release;
		};
		D3D2D09A22B7BDD400B78A1D /* Debug */ = {
			isa = XCBuildConfiguration;
			buildSettings = {
				ASSETCATALOG_COMPILER_APPICON_NAME = AppIcon;
				CODE_SIGN_STYLE = Automatic;
				DEVELOPMENT_TEAM = 533R28PQU5;
				FRAMEWORK_SEARCH_PATHS = (
					"$(inherited)",
					"$(PROJECT_DIR)",
					"$(PROJECT_DIR)/TrueGaze.framework",
				);
				INFOPLIST_FILE = "Vision Project V2/Info.plist";
				LD_RUNPATH_SEARCH_PATHS = (
					"$(inherited)",
					"@executable_path/Frameworks",
				);
				PRODUCT_BUNDLE_IDENTIFIER = zheng.visualCampTestApp.VisionProjectV2;
				PRODUCT_NAME = "$(TARGET_NAME)";
				SWIFT_VERSION = 5.0;
				TARGETED_DEVICE_FAMILY = 1;
			};
			name = Debug;
		};
		D3D2D09B22B7BDD400B78A1D /* Release */ = {
			isa = XCBuildConfiguration;
			buildSettings = {
				ASSETCATALOG_COMPILER_APPICON_NAME = AppIcon;
				CODE_SIGN_STYLE = Automatic;
				DEVELOPMENT_TEAM = 533R28PQU5;
				FRAMEWORK_SEARCH_PATHS = (
					"$(inherited)",
					"$(PROJECT_DIR)",
					"$(PROJECT_DIR)/TrueGaze.framework",
				);
				INFOPLIST_FILE = "Vision Project V2/Info.plist";
				LD_RUNPATH_SEARCH_PATHS = (
					"$(inherited)",
					"@executable_path/Frameworks",
				);
				PRODUCT_BUNDLE_IDENTIFIER = zheng.visualCampTestApp.VisionProjectV2;
				PRODUCT_NAME = "$(TARGET_NAME)";
				SWIFT_VERSION = 5.0;
				TARGETED_DEVICE_FAMILY = 1;
			};
			name = Release;
		};
/* End XCBuildConfiguration section */

/* Begin XCConfigurationList section */
		D3D2D08222B7BDD300B78A1D /* Build configuration list for PBXProject "Vision Project V2 Prototype" */ = {
			isa = XCConfigurationList;
			buildConfigurations = (
				D3D2D09722B7BDD400B78A1D /* Debug */,
				D3D2D09822B7BDD400B78A1D /* Release */,
			);
			defaultConfigurationIsVisible = 0;
			defaultConfigurationName = Release;
		};
		D3D2D09922B7BDD400B78A1D /* Build configuration list for PBXNativeTarget "Vision Project V2 Prototype" */ = {
			isa = XCConfigurationList;
			buildConfigurations = (
				D3D2D09A22B7BDD400B78A1D /* Debug */,
				D3D2D09B22B7BDD400B78A1D /* Release */,
			);
			defaultConfigurationIsVisible = 0;
			defaultConfigurationName = Release;
		};
/* End XCConfigurationList section */
	};
	rootObject = D3D2D07F22B7BDD300B78A1D /* Project object */;
}
